
Microsoft Visual Studio Solution File, Format Version 12.00
# Visual Studio Version 17
VisualStudioVersion = 17.10.35122.118
MinimumVisualStudioVersion = 10.0.40219.1
Project("{9A19103F-16F7-4668-BE54-9A1E7A4F7556}") = "Utils", "Utils\Utils.csproj", "{C7CFA14E-A6F4-4AB8-A387-D13A50001E30}"
EndProject
Global
	GlobalSection(SolutionConfigurationPlatforms) = preSolution
		Debug|Any CPU = Debug|Any CPU
		Release|Any CPU = Release|Any CPU
	EndGlobalSection
	GlobalSection(ProjectConfigurationPlatforms) = postSolution
		{C7CFA14E-A6F4-4AB8-A387-D13A50001E30}.Debug|Any CPU.ActiveCfg = Debug|Any CPU
		{C7CFA14E-A6F4-4AB8-A387-D13A50001E30}.Debug|Any CPU.Build.0 = Debug|Any CPU
		{C7CFA14E-A6F4-4AB8-A387-D13A50001E30}.Release|Any CPU.ActiveCfg = Release|Any CPU
		{C7CFA14E-A6F4-4AB8-A387-D13A50001E30}.Release|Any CPU.Build.0 = Release|Any CPU
	EndGlobalSection
	GlobalSection(SolutionProperties) = preSolution
		HideSolutionNode = FALSE
	EndGlobalSection
	GlobalSection(ExtensibilityGlobals) = postSolution
		SolutionGuid = {5C66A760-E1DD-4C4B-A706-E980F0A020E8}
	EndGlobalSection
EndGlobal
